# THIS IS AN AUTOGENERATED FILE. DO NOT EDIT THIS FILE DIRECTLY.
# yarn lockfile v1


"@types/events@*":
  version "1.2.0"
  resolved "https://registry.yarnpkg.com/@types/events/-/events-1.2.0.tgz#81a6731ce4df43619e5c8c945383b3e62a89ea86"
  integrity sha512-KEIlhXnIutzKwRbQkGWb/I4HFqBuUykAdHgDED6xqwXJfONCjF5VoE0cXEiurh3XauygxzeDzgtXUqvLkxFzzA==

"@types/graphql@^14.0.4":
  version "14.0.5"
  resolved "https://registry.yarnpkg.com/@types/graphql/-/graphql-14.0.5.tgz#e696292fd2d77dc168b5b791710f83463aa39abd"
  integrity sha512-bwGYLE0SRy5ZraC91dqI2bxbspfm10kyJ2Yjuvk4OjdGznh7fkoWW+xXZHfFydJaqu9syZi099cpiZw3GlPDiA==

"@types/node@*", "@types/node@^10.12.11":
  version "10.12.18"
  resolved "https://registry.yarnpkg.com/@types/node/-/node-10.12.18.tgz#1d3ca764718915584fcd9f6344621b7672665c67"
  integrity sha512-fh+pAqt4xRzPfqA6eh3Z2y6fyZavRIumvjhaCL753+TVkGKGhpPeyrJG2JftD0T9q4GF00KjefsQ+PQNDdWQaQ==

"@types/ws@^6.0.1":
  version "6.0.1"
  resolved "https://registry.yarnpkg.com/@types/ws/-/ws-6.0.1.tgz#ca7a3f3756aa12f62a0a62145ed14c6db25d5a28"
  integrity sha512-EzH8k1gyZ4xih/MaZTXwT2xOkPiIMSrhQ9b8wrlX88L0T02eYsddatQlwVFlEPyEqV0ChpdpNnE51QPH6NVT4Q==
  dependencies:
    "@types/events" "*"
    "@types/node" "*"

nexus@^0.6.2:
  version "0.6.2"
  resolved "https://registry.yarnpkg.com/nexus/-/nexus-0.6.2.tgz#d6901aacf36f59420fe56df31182fa37534906fd"
  integrity sha512-Ax/zIdmgyvsIRAqLjdp5BCsm4H6y+2QCA2+AQGpX/f0E0k4pL64chny9W5t1vMBUtnjG5f5vBM3XE66Y7BQTgA==
  dependencies:
    tslib "^1.9.3"

tslib@^1.9.3:
  version "1.9.3"
  resolved "https://registry.yarnpkg.com/tslib/-/tslib-1.9.3.tgz#d7e4dd79245d85428c4d7e4822a79917954ca286"
  integrity sha512-4krF8scpejhaOgqzBEcGM7yDIEfi0/8+8zDRZhNZZ2kjmHJ4hv3zCbQWxoJGz1iw5U0Jl0nma13xzHXcncMavQ==

typescript@^3.2.1:
  version "3.2.4"
  resolved "https://registry.yarnpkg.com/typescript/-/typescript-3.2.4.tgz#c585cb952912263d915b462726ce244ba510ef3d"
  integrity sha512-0RNDbSdEokBeEAkgNbxJ+BLwSManFy9TeXz8uW+48j/xhEXv1ePME60olyzw2XzUqUBNAYFeJadIqAgNqIACwg==

yoga@0.0.0:
  version "0.0.0"
  resolved "https://registry.yarnpkg.com/yoga/-/yoga-0.0.0.tgz#af2bc89740524f2e226f7e4496d96a9b235bd2bd"
  integrity sha1-ryvIl0BSTy4ib35EltlqmyNb0r0=
